// !$*UTF8*$!
{
	archiveVersion = 1;
	classes = {
	};
	objectVersion = 50;
	objects = {

/* Begin PBXBuildFile section */
		D4582ABF26D707FD002DB6DF /* AppDelegate.swift in Sources */ = {isa = PBXBuildFile; fileRef = D4582ABE26D707FD002DB6DF /* AppDelegate.swift */; };
		D4582AC126D707FD002DB6DF /* SceneDelegate.swift in Sources */ = {isa = PBXBuildFile; fileRef = D4582AC026D707FD002DB6DF /* SceneDelegate.swift */; };
		D4582AC326D707FD002DB6DF /* IntroViewController.swift in Sources */ = {isa = PBXBuildFile; fileRef = D4582AC226D707FD002DB6DF /* IntroViewController.swift */; };
		D4582AC626D707FD002DB6DF /* Main.storyboard in Resources */ = {isa = PBXBuildFile; fileRef = D4582AC426D707FD002DB6DF /* Main.storyboard */; };
		D4582AC826D707FF002DB6DF /* Assets.xcassets in Resources */ = {isa = PBXBuildFile; fileRef = D4582AC726D707FF002DB6DF /* Assets.xcassets */; };
		D4582ACB26D707FF002DB6DF /* LaunchScreen.storyboard in Resources */ = {isa = PBXBuildFile; fileRef = D4582AC926D707FF002DB6DF /* LaunchScreen.storyboard */; };
		D4582AD326D70818002DB6DF /* QuestionViewController.swift in Sources */ = {isa = PBXBuildFile; fileRef = D4582AD226D70818002DB6DF /* QuestionViewController.swift */; };
		D4582AD526D70834002DB6DF /* ResultViewController.swift in Sources */ = {isa = PBXBuildFile; fileRef = D4582AD426D70834002DB6DF /* ResultViewController.swift */; };
		D4582AD726D723D9002DB6DF /* QuestionsAndAnswers.swift in Sources */ = {isa = PBXBuildFile; fileRef = D4582AD626D723D9002DB6DF /* QuestionsAndAnswers.swift */; };
/* End PBXBuildFile section */

/* Begin PBXFileReference section */
		D4582ABB26D707FD002DB6DF /* RecommendationsApp.app */ = {isa = PBXFileReference; explicitFileType = wrapper.application; includeInIndex = 0; path = RecommendationsApp.app; sourceTree = BUILT_PRODUCTS_DIR; };
		D4582ABE26D707FD002DB6DF /* AppDelegate.swift */ = {isa = PBXFileReference; lastKnownFileType = sourcecode.swift; path = AppDelegate.swift; sourceTree = "<group>"; };
		D4582AC026D707FD002DB6DF /* SceneDelegate.swift */ = {isa = PBXFileReference; lastKnownFileType = sourcecode.swift; path = SceneDelegate.swift; sourceTree = "<group>"; };
		D4582AC226D707FD002DB6DF /* IntroViewController.swift */ = {isa = PBXFileReference; lastKnownFileType = sourcecode.swift; path = IntroViewController.swift; sourceTree = "<group>"; };
		D4582AC526D707FD002DB6DF /* Base */ = {isa = PBXFileReference; lastKnownFileType = file.storyboard; name = Base; path = Base.lproj/Main.storyboard; sourceTree = "<group>"; };
		D4582AC726D707FF002DB6DF /* Assets.xcassets */ = {isa = PBXFileReference; lastKnownFileType = folder.assetcatalog; path = Assets.xcassets; sourceTree = "<group>"; };
		D4582ACA26D707FF002DB6DF /* Base */ = {isa = PBXFileReference; lastKnownFileType = file.storyboard; name = Base; path = Base.lproj/LaunchScreen.storyboard; sourceTree = "<group>"; };
		D4582ACC26D707FF002DB6DF /* Info.plist */ = {isa = PBXFileReference; lastKnownFileType = text.plist.xml; path = Info.plist; sourceTree = "<group>"; };
		D4582AD226D70818002DB6DF /* QuestionViewController.swift */ = {isa = PBXFileReference; lastKnownFileType = sourcecode.swift; path = QuestionViewController.swift; sourceTree = "<group>"; };
		D4582AD426D70834002DB6DF /* ResultViewController.swift */ = {isa = PBXFileReference; lastKnownFileType = sourcecode.swift; path = ResultViewController.swift; sourceTree = "<group>"; };
		D4582AD626D723D9002DB6DF /* QuestionsAndAnswers.swift */ = {isa = PBXFileReference; lastKnownFileType = sourcecode.swift; path = QuestionsAndAnswers.swift; sourceTree = "<group>"; };
/* End PBXFileReference section */

/* Begin PBXFrameworksBuildPhase section */
		D4582AB826D707FD002DB6DF /* Frameworks */ = {
			isa = PBXFrameworksBuildPhase;
			buildActionMask = 2147483647;
			files = (
			);
			runOnlyForDeploymentPostprocessing = 0;
		};
/* End PBXFrameworksBuildPhase section */

/* Begin PBXGroup section */
		D4582AB226D707FD002DB6DF = {
			isa = PBXGroup;
			children = (
				D4582ABD26D707FD002DB6DF /* RecommendationsApp */,
				D4582ABC26D707FD002DB6DF /* Products */,
			);
			sourceTree = "<group>";
		};
		D4582ABC26D707FD002DB6DF /* Products */ = {
			isa = PBXGroup;
			children = (
				D4582ABB26D707FD002DB6DF /* RecommendationsApp.app */,
			);
			name = Products;
			sourceTree = "<group>";
		};
		D4582ABD26D707FD002DB6DF /* RecommendationsApp */ = {
			isa = PBXGroup;
			children = (
				D4582ABE26D707FD002DB6DF /* AppDelegate.swift */,
				D4582AC026D707FD002DB6DF /* SceneDelegate.swift */,
				D4582AC226D707FD002DB6DF /* IntroViewController.swift */,
				D4582AD226D70818002DB6DF /* QuestionViewController.swift */,
				D4582AD426D70834002DB6DF /* ResultViewController.swift */,
				D4582AD626D723D9002DB6DF /* QuestionsAndAnswers.swift */,
				D4582AC426D707FD002DB6DF /* Main.storyboard */,
				D4582AC726D707FF002DB6DF /* Assets.xcassets */,
				D4582AC926D707FF002DB6DF /* LaunchScreen.storyboard */,
				D4582ACC26D707FF002DB6DF /* Info.plist */,
			);
			path = RecommendationsApp;
			sourceTree = "<group>";
		};
/* End PBXGroup section */

/* Begin PBXNativeTarget section */
		D4582ABA26D707FD002DB6DF /* RecommendationsApp */ = {
			isa = PBXNativeTarget;
			buildConfigurationList = D4582ACF26D707FF002DB6DF /* Build configuration list for PBXNativeTarget "RecommendationsApp" */;
			buildPhases = (
				D4582AB726D707FD002DB6DF /* Sources */,
				D4582AB826D707FD002DB6DF /* Frameworks */,
				D4582AB926D707FD002DB6DF /* Resources */,
			);
			buildRules = (
			);
			dependencies = (
			);
			name = RecommendationsApp;
			productName = RecommendationsApp;
			productReference = D4582ABB26D707FD002DB6DF /* RecommendationsApp.app */;
			productType = "com.apple.product-type.application";
		};
/* End PBXNativeTarget section */

/* Begin PBXProject section */
		D4582AB326D707FD002DB6DF /* Project object */ = {
			isa = PBXProject;
			attributes = {
				LastSwiftUpdateCheck = 1250;
				LastUpgradeCheck = 1250;
				TargetAttributes = {
					D4582ABA26D707FD002DB6DF = {
						CreatedOnToolsVersion = 12.5.1;
					};
				};
			};
			buildConfigurationList = D4582AB626D707FD002DB6DF /* Build configuration list for PBXProject "RecommendationsApp" */;
			compatibilityVersion = "Xcode 9.3";
			developmentRegion = en;
			hasScannedForEncodings = 0;
			knownRegions = (
				en,
				Base,
			);
			mainGroup = D4582AB226D707FD002DB6DF;
			productRefGroup = D4582ABC26D707FD002DB6DF /* Products */;
			projectDirPath = "";
			projectRoot = "";
			targets = (
				D4582ABA26D707FD002DB6DF /* RecommendationsApp */,
			);
		};
/* End PBXProject section */

/* Begin PBXResourcesBuildPhase section */
		D4582AB926D707FD002DB6DF /* Resources */ = {
			isa = PBXResourcesBuildPhase;
			buildActionMask = 2147483647;
			files = (
				D4582ACB26D707FF002DB6DF /* LaunchScreen.storyboard in Resources */,
				D4582AC826D707FF002DB6DF /* Assets.xcassets in Resources */,
				D4582AC626D707FD002DB6DF /* Main.storyboard in Resources */,
			);
			runOnlyForDeploymentPostprocessing = 0;
		};
/* End PBXResourcesBuildPhase section */

/* Begin PBXSourcesBuildPhase section */
		D4582AB726D707FD002DB6DF /* Sources */ = {
			isa = PBXSourcesBuildPhase;
			buildActionMask = 2147483647;
			files = (
				D4582AD526D70834002DB6DF /* ResultViewController.swift in Sources */,
				D4582AC326D707FD002DB6DF /* IntroViewController.swift in Sources */,
				D4582ABF26D707FD002DB6DF /* AppDelegate.swift in Sources */,
				D4582AD326D70818002DB6DF /* QuestionViewController.swift in Sources */,
				D4582AC126D707FD002DB6DF /* SceneDelegate.swift in Sources */,
				D4582AD726D723D9002DB6DF /* QuestionsAndAnswers.swift in Sources */,
			);
			runOnlyForDeploymentPostprocessing = 0;
		};
/* End PBXSourcesBuildPhase section */

/* Begin PBXVariantGroup section */
		D4582AC426D707FD002DB6DF /* Main.storyboard */ = {
			isa = PBXVariantGroup;
			children = (
				D4582AC526D707FD002DB6DF /* Base */,
			);
			name = Main.storyboard;
			sourceTree = "<group>";
		};
		D4582AC926D707FF002DB6DF /* LaunchScreen.storyboard */ = {
			isa = PBXVariantGroup;
			children = (
				D4582ACA26D707FF002DB6DF /* Base */,
			);
			name = LaunchScreen.storyboard;
			sourceTree = "<group>";
		};
/* End PBXVariantGroup section */

/* Begin XCBuildConfiguration section */
		D4582ACD26D707FF002DB6DF /* Debug */ = {
			isa = XCBuildConfiguration;
			buildSettings = {
				ALWAYS_SEARCH_USER_PATHS = NO;
				CLANG_ANALYZER_NONNULL = YES;
				CLANG_ANALYZER_NUMBER_OBJECT_CONVERSION = YES_AGGRESSIVE;
				CLANG_CXX_LANGUAGE_STANDARD = "gnu++14";
				CLANG_CXX_LIBRARY = "libc++";
				CLANG_ENABLE_MODULES = YES;
				CLANG_ENABLE_OBJC_ARC = YES;
				CLANG_ENABLE_OBJC_WEAK = YES;
				CLANG_WARN_BLOCK_CAPTURE_AUTORELEASING = YES;
				CLANG_WARN_BOOL_CONVERSION = YES;
				CLANG_WARN_COMMA = YES;
				CLANG_WARN_CONSTANT_CONVERSION = YES;
				CLANG_WARN_DEPRECATED_OBJC_IMPLEMENTATIONS = YES;
				CLANG_WARN_DIRECT_OBJC_ISA_USAGE = YES_ERROR;
				CLANG_WARN_DOCUMENTATION_COMMENTS = YES;
				CLANG_WARN_EMPTY_BODY = YES;
				CLANG_WARN_ENUM_CONVERSION = YES;
				CLANG_WARN_INFINITE_RECURSION = YES;
				CLANG_WARN_INT_CONVERSION = YES;
				CLANG_WARN_NON_LITERAL_NULL_CONVERSION = YES;
				CLANG_WARN_OBJC_IMPLICIT_RETAIN_SELF = YES;
				CLANG_WARN_OBJC_LITERAL_CONVERSION = YES;
				CLANG_WARN_OBJC_ROOT_CLASS = YES_ERROR;
				CLANG_WARN_QUOTED_INCLUDE_IN_FRAMEWORK_HEADER = YES;
				CLANG_WARN_RANGE_LOOP_ANALYSIS = YES;
				CLANG_WARN_STRICT_PROTOTYPES = YES;
				CLANG_WARN_SUSPICIOUS_MOVE = YES;
				CLANG_WARN_UNGUARDED_AVAILABILITY = YES_AGGRESSIVE;
				CLANG_WARN_UNREACHABLE_CODE = YES;
				CLANG_WARN__DUPLICATE_METHOD_MATCH = YES;
				COPY_PHASE_STRIP = NO;
				DEBUG_INFORMATION_FORMAT = dwarf;
				ENABLE_STRICT_OBJC_MSGSEND = YES;
				ENABLE_TESTABILITY = YES;
				GCC_C_LANGUAGE_STANDARD = gnu11;
				GCC_DYNAMIC_NO_PIC = NO;
				GCC_NO_COMMON_BLOCKS = YES;
				GCC_OPTIMIZATION_LEVEL = 0;
				GCC_PREPROCESSOR_DEFINITIONS = (
					"DEBUG=1",
					"$(inherited)",
				);
				GCC_WARN_64_TO_32_BIT_CONVERSION = YES;
				GCC_WARN_ABOUT_RETURN_TYPE = YES_ERROR;
				GCC_WARN_UNDECLARED_SELECTOR = YES;
				GCC_WARN_UNINITIALIZED_AUTOS = YES_AGGRESSIVE;
				GCC_WARN_UNUSED_FUNCTION = YES;
				GCC_WARN_UNUSED_VARIABLE = YES;
				IPHONEOS_DEPLOYMENT_TARGET = 14.5;
				MTL_ENABLE_DEBUG_INFO = INCLUDE_SOURCE;
				MTL_FAST_MATH = YES;
				ONLY_ACTIVE_ARCH = YES;
				SDKROOT = iphoneos;
				SWIFT_ACTIVE_COMPILATION_CONDITIONS = DEBUG;
				SWIFT_OPTIMIZATION_LEVEL = "-Onone";
			};
			name = Debug;
		};
		D4582ACE26D707FF002DB6DF /* Release */ = {
			isa = XCBuildConfiguration;
			buildSettings = {
				ALWAYS_SEARCH_USER_PATHS = NO;
				CLANG_ANALYZER_NONNULL = YES;
				CLANG_ANALYZER_NUMBER_OBJECT_CONVERSION = YES_AGGRESSIVE;
				CLANG_CXX_LANGUAGE_STANDARD = "gnu++14";
				CLANG_CXX_LIBRARY = "libc++";
				CLANG_ENABLE_MODULES = YES;
				CLANG_ENABLE_OBJC_ARC = YES;
				CLANG_ENABLE_OBJC_WEAK = YES;
				CLANG_WARN_BLOCK_CAPTURE_AUTORELEASING = YES;
				CLANG_WARN_BOOL_CONVERSION = YES;
				CLANG_WARN_COMMA = YES;
				CLANG_WARN_CONSTANT_CONVERSION = YES;
				CLANG_WARN_DEPRECATED_OBJC_IMPLEMENTATIONS = YES;
				CLANG_WARN_DIRECT_OBJC_ISA_USAGE = YES_ERROR;
				CLANG_WARN_DOCUMENTATION_COMMENTS = YES;
				CLANG_WARN_EMPTY_BODY = YES;
				CLANG_WARN_ENUM_CONVERSION = YES;
				CLANG_WARN_INFINITE_RECURSION = YES;
				CLANG_WARN_INT_CONVERSION = YES;
				CLANG_WARN_NON_LITERAL_NULL_CONVERSION = YES;
				CLANG_WARN_OBJC_IMPLICIT_RETAIN_SELF = YES;
				CLANG_WARN_OBJC_LITERAL_CONVERSION = YES;
				CLANG_WARN_OBJC_ROOT_CLASS = YES_ERROR;
				CLANG_WARN_QUOTED_INCLUDE_IN_FRAMEWORK_HEADER = YES;
				CLANG_WARN_RANGE_LOOP_ANALYSIS = YES;
				CLANG_WARN_STRICT_PROTOTYPES = YES;
				CLANG_WARN_SUSPICIOUS_MOVE = YES;
				CLANG_WARN_UNGUARDED_AVAILABILITY = YES_AGGRESSIVE;
				CLANG_WARN_UNREACHABLE_CODE = YES;
				CLANG_WARN__DUPLICATE_METHOD_MATCH = YES;
				COPY_PHASE_STRIP = NO;
				DEBUG_INFORMATION_FORMAT = "dwarf-with-dsym";
				ENABLE_NS_ASSERTIONS = NO;
				ENABLE_STRICT_OBJC_MSGSEND = YES;
				GCC_C_LANGUAGE_STANDARD = gnu11;
				GCC_NO_COMMON_BLOCKS = YES;
				GCC_WARN_64_TO_32_BIT_CONVERSION = YES;
				GCC_WARN_ABOUT_RETURN_TYPE = YES_ERROR;
				GCC_WARN_UNDECLARED_SELECTOR = YES;
				GCC_WARN_UNINITIALIZED_AUTOS = YES_AGGRESSIVE;
				GCC_WARN_UNUSED_FUNCTION = YES;
				GCC_WARN_UNUSED_VARIABLE = YES;
				IPHONEOS_DEPLOYMENT_TARGET = 14.5;
				MTL_ENABLE_DEBUG_INFO = NO;
				MTL_FAST_MATH = YES;
				SDKROOT = iphoneos;
				SWIFT_COMPILATION_MODE = wholemodule;
				SWIFT_OPTIMIZATION_LEVEL = "-O";
				VALIDATE_PRODUCT = YES;
			};
			name = Release;
		};
		D4582AD026D707FF002DB6DF /* Debug */ = {
			isa = XCBuildConfiguration;
			buildSettings = {
				ASSETCATALOG_COMPILER_APPICON_NAME = AppIcon;
				ASSETCATALOG_COMPILER_GLOBAL_ACCENT_COLOR_NAME = AccentColor;
				CODE_SIGN_STYLE = Automatic;
				DEVELOPMENT_TEAM = V8ZSUHUA22;
				INFOPLIST_FILE = RecommendationsApp/Info.plist;
				LD_RUNPATH_SEARCH_PATHS = (
					"$(inherited)",
					"@executable_path/Frameworks",
				);
				PRODUCT_BUNDLE_IDENTIFIER = com.example.RecommendationsApp;
				PRODUCT_NAME = "$(TARGET_NAME)";
				SWIFT_VERSION = 5.0;
				TARGETED_DEVICE_FAMILY = "1,2";
			};
			name = Debug;
		};
		D4582AD126D707FF002DB6DF /* Release */ = {
			isa = XCBuildConfiguration;
			buildSettings = {
				ASSETCATALOG_COMPILER_APPICON_NAME = AppIcon;
				ASSETCATALOG_COMPILER_GLOBAL_ACCENT_COLOR_NAME = AccentColor;
				CODE_SIGN_STYLE = Automatic;
				DEVELOPMENT_TEAM = V8ZSUHUA22;
				INFOPLIST_FILE = RecommendationsApp/Info.plist;
				LD_RUNPATH_SEARCH_PATHS = (
					"$(inherited)",
					"@executable_path/Frameworks",
				);
				PRODUCT_BUNDLE_IDENTIFIER = com.example.RecommendationsApp;
				PRODUCT_NAME = "$(TARGET_NAME)";
				SWIFT_VERSION = 5.0;
				TARGETED_DEVICE_FAMILY = "1,2";
			};
			name = Release;
		};
/* End XCBuildConfiguration section */

/* Begin XCConfigurationList section */
		D4582AB626D707FD002DB6DF /* Build configuration list for PBXProject "RecommendationsApp" */ = {
			isa = XCConfigurationList;
			buildConfigurations = (
				D4582ACD26D707FF002DB6DF /* Debug */,
				D4582ACE26D707FF002DB6DF /* Release */,
			);
			defaultConfigurationIsVisible = 0;
			defaultConfigurationName = Release;
		};
		D4582ACF26D707FF002DB6DF /* Build configuration list for PBXNativeTarget "RecommendationsApp" */ = {
			isa = XCConfigurationList;
			buildConfigurations = (
				D4582AD026D707FF002DB6DF /* Debug */,
				D4582AD126D707FF002DB6DF /* Release */,
			);
			defaultConfigurationIsVisible = 0;
			defaultConfigurationName = Release;
		};
/* End XCConfigurationList section */
	};
	rootObject = D4582AB326D707FD002DB6DF /* Project object */;
}
